{
  "name": "mg-email-package",
  "version": "4.0.1",
  "lockfileVersion": 3,
  "requires": true,
  "packages": {
    "": {
      "name": "mg-email-package",
      "version": "4.0.1",
      "license": "MIT",
      "dependencies": {
        "dotenv": "^16.4.2",
        "nodemailer": "^6.9.9"
      }
    },
    "node_modules/dotenv": {
      "version": "16.4.2",
      "resolved": "https://registry.npmjs.org/dotenv/-/dotenv-16.4.2.tgz",
      "integrity": "sha512-rZSSFxke7d9nYQ5NeMIwp5PP+f8wXgKNljpOb7KtH6SKW1cEqcXAz9VSJYVLKe7Jhup/gUYOkaeSVyK8GJ+nBg==",
      "engines": {
        "node": ">=12"
      },
      "funding": {
        "url": "https://dotenvx.com"
      }
    },
    "node_modules/nodemailer": {
      "version": "6.9.9",
      "resolved": "https://registry.npmjs.org/nodemailer/-/nodemailer-6.9.9.tgz",
      "integrity": "sha512-dexTll8zqQoVJEZPwQAKzxxtFn0qTnjdQTchoU6Re9BUUGBJiOy3YMn/0ShTW6J5M0dfQ1NeDeRTTl4oIWgQMA==",
      "engines": {
        "node": ">=6.0.0"
      }
    }
  }
}
